
Microsoft Visual Studio Solution File, Format Version 12.00
# Visual Studio Version 16
VisualStudioVersion = 16.0.30204.135
MinimumVisualStudioVersion = 10.0.40219.1
Project("{FAE04EC0-301F-11D3-BF4B-00C04F79EFBC}") = "Caliburn.Micro.HelloScreens", "Caliburn.Micro.HelloScreens\Caliburn.Micro.HelloScreens.csproj", "{B16B6A88-9C72-4140-A4FA-39FD194958A4}"
EndProject
Global
	GlobalSection(SolutionConfigurationPlatforms) = preSolution
		Debug|Any CPU = Debug|Any CPU
		Release|Any CPU = Release|Any CPU
	EndGlobalSection
	GlobalSection(ProjectConfigurationPlatforms) = postSolution
		{B16B6A88-9C72-4140-A4FA-39FD194958A4}.Debug|Any CPU.ActiveCfg = Debug|Any CPU
		{B16B6A88-9C72-4140-A4FA-39FD194958A4}.Debug|Any CPU.Build.0 = Debug|Any CPU
		{B16B6A88-9C72-4140-A4FA-39FD194958A4}.Release|Any CPU.ActiveCfg = Release|Any CPU
		{B16B6A88-9C72-4140-A4FA-39FD194958A4}.Release|Any CPU.Build.0 = Release|Any CPU
	EndGlobalSection
	GlobalSection(SolutionProperties) = preSolution
		HideSolutionNode = FALSE
	EndGlobalSection
	GlobalSection(ExtensibilityGlobals) = postSolution
		SolutionGuid = {F3111764-BFC9-465F-B94B-2C6D7F2368E7}
	EndGlobalSection
EndGlobal
